
Microsoft Visual Studio Solution File, Format Version 12.00
# Visual Studio Version 17
VisualStudioVersion = 17.4.33205.214
MinimumVisualStudioVersion = 10.0.40219.1
Project("{9A19103F-16F7-4668-BE54-9A1E7A4F7556}") = "Services.Identity", "Services.Identity\Services.Identity.csproj", "{668C4E6B-889F-44D5-8852-23D0D918230F}"
EndProject
Global
	GlobalSection(SolutionConfigurationPlatforms) = preSolution
		Debug|Any CPU = Debug|Any CPU
		Release|Any CPU = Release|Any CPU
	EndGlobalSection
	GlobalSection(ProjectConfigurationPlatforms) = postSolution
		{668C4E6B-889F-44D5-8852-23D0D918230F}.Debug|Any CPU.ActiveCfg = Debug|Any CPU
		{668C4E6B-889F-44D5-8852-23D0D918230F}.Debug|Any CPU.Build.0 = Debug|Any CPU
		{668C4E6B-889F-44D5-8852-23D0D918230F}.Release|Any CPU.ActiveCfg = Release|Any CPU
		{668C4E6B-889F-44D5-8852-23D0D918230F}.Release|Any CPU.Build.0 = Release|Any CPU
	EndGlobalSection
	GlobalSection(SolutionProperties) = preSolution
		HideSolutionNode = FALSE
	EndGlobalSection
	GlobalSection(ExtensibilityGlobals) = postSolution
		SolutionGuid = {91AFB4FE-43A6-4794-AD8E-5672E0B21317}
	EndGlobalSection
EndGlobal
